
Microsoft Visual Studio Solution File, Format Version 12.00
# Visual Studio 15
VisualStudioVersion = 15.0.27703.2026
MinimumVisualStudioVersion = 10.0.40219.1
Project("{FAE04EC0-301F-11D3-BF4B-00C04F79EFBC}") = "AirlineManagementSystem", "AirlineManagementSystem\AirlineManagementSystem.csproj", "{6DB81034-ADC3-4189-9C58-7F923AF6B523}"
EndProject
Project("{FAE04EC0-301F-11D3-BF4B-00C04F79EFBC}") = "AirlineManagementAPI", "AirlineManagementAPI\AirlineManagementAPI.csproj", "{F66128C3-9C35-41FE-BA4F-7A995E43E65D}"
EndProject
Project("{FAE04EC0-301F-11D3-BF4B-00C04F79EFBC}") = "AmonicAirlineApp", "AmonicAirlineApp\AmonicAirlineApp.csproj", "{1F2952E7-62B5-4593-985E-1918765F0495}"
EndProject
Global
	GlobalSection(SolutionConfigurationPlatforms) = preSolution
		Debug|Any CPU = Debug|Any CPU
		Release|Any CPU = Release|Any CPU
	EndGlobalSection
	GlobalSection(ProjectConfigurationPlatforms) = postSolution
		{6DB81034-ADC3-4189-9C58-7F923AF6B523}.Debug|Any CPU.ActiveCfg = Debug|Any CPU
		{6DB81034-ADC3-4189-9C58-7F923AF6B523}.Debug|Any CPU.Build.0 = Debug|Any CPU
		{6DB81034-ADC3-4189-9C58-7F923AF6B523}.Release|Any CPU.ActiveCfg = Release|Any CPU
		{6DB81034-ADC3-4189-9C58-7F923AF6B523}.Release|Any CPU.Build.0 = Release|Any CPU
		{F66128C3-9C35-41FE-BA4F-7A995E43E65D}.Debug|Any CPU.ActiveCfg = Debug|Any CPU
		{F66128C3-9C35-41FE-BA4F-7A995E43E65D}.Debug|Any CPU.Build.0 = Debug|Any CPU
		{F66128C3-9C35-41FE-BA4F-7A995E43E65D}.Release|Any CPU.ActiveCfg = Release|Any CPU
		{F66128C3-9C35-41FE-BA4F-7A995E43E65D}.Release|Any CPU.Build.0 = Release|Any CPU
		{1F2952E7-62B5-4593-985E-1918765F0495}.Debug|Any CPU.ActiveCfg = Debug|Any CPU
		{1F2952E7-62B5-4593-985E-1918765F0495}.Debug|Any CPU.Build.0 = Debug|Any CPU
		{1F2952E7-62B5-4593-985E-1918765F0495}.Debug|Any CPU.Deploy.0 = Debug|Any CPU
		{1F2952E7-62B5-4593-985E-1918765F0495}.Release|Any CPU.ActiveCfg = Release|Any CPU
		{1F2952E7-62B5-4593-985E-1918765F0495}.Release|Any CPU.Build.0 = Release|Any CPU
		{1F2952E7-62B5-4593-985E-1918765F0495}.Release|Any CPU.Deploy.0 = Release|Any CPU
	EndGlobalSection
	GlobalSection(SolutionProperties) = preSolution
		HideSolutionNode = FALSE
	EndGlobalSection
	GlobalSection(ExtensibilityGlobals) = postSolution
		SolutionGuid = {92330588-82BB-4777-AFF1-7A0D7B16C932}
	EndGlobalSection
EndGlobal
